
Microsoft Visual Studio Solution File, Format Version 12.00
# Visual Studio Version 17
VisualStudioVersion = 17.14.36915.13
MinimumVisualStudioVersion = 10.0.40219.1
Project("{FAE04EC0-301F-11D3-BF4B-00C04F79EFBC}") = "EduCostCalc", "EduCostCalc\EduCostCalc.csproj", "{92789A5E-BAFA-4E06-AC78-538DF4A73BC7}"
EndProject
Global
	GlobalSection(SolutionConfigurationPlatforms) = preSolution
		Debug|Any CPU = Debug|Any CPU
		Release|Any CPU = Release|Any CPU
	EndGlobalSection
	GlobalSection(ProjectConfigurationPlatforms) = postSolution
		{92789A5E-BAFA-4E06-AC78-538DF4A73BC7}.Debug|Any CPU.ActiveCfg = Debug|Any CPU
		{92789A5E-BAFA-4E06-AC78-538DF4A73BC7}.Debug|Any CPU.Build.0 = Debug|Any CPU
		{92789A5E-BAFA-4E06-AC78-538DF4A73BC7}.Release|Any CPU.ActiveCfg = Release|Any CPU
		{92789A5E-BAFA-4E06-AC78-538DF4A73BC7}.Release|Any CPU.Build.0 = Release|Any CPU
	EndGlobalSection
	GlobalSection(SolutionProperties) = preSolution
		HideSolutionNode = FALSE
	EndGlobalSection
	GlobalSection(ExtensibilityGlobals) = postSolution
		SolutionGuid = {BA81DBFB-3AB0-42C0-B1C6-28F4DB347421}
	EndGlobalSection
EndGlobal
